
Microsoft Visual Studio Solution File, Format Version 12.00
# Visual Studio 15
VisualStudioVersion = 15.0.28307.705
MinimumVisualStudioVersion = 10.0.40219.1
Project("{9A19103F-16F7-4668-BE54-9A1E7A4F7556}") = "LoanApp.WebAPI", "LoanAppWebAPI\LoanApp.WebAPI.csproj", "{EB2689DD-5F46-42CC-ACEB-73BB92290338}"
EndProject
Project("{FAE04EC0-301F-11D3-BF4B-00C04F79EFBC}") = "LoanApp.DAL", "LoanApp.DAL\LoanApp.DAL.csproj", "{CBBC4B4F-38D4-4440-93A2-3E92BCF56F82}"
EndProject
Project("{FAE04EC0-301F-11D3-BF4B-00C04F79EFBC}") = "LoanApp.BAL", "LoanApp.BAL\LoanApp.BAL.csproj", "{DE538468-A371-4E05-A6A9-CB994555648C}"
EndProject
Global
	GlobalSection(SolutionConfigurationPlatforms) = preSolution
		Debug|Any CPU = Debug|Any CPU
		Release|Any CPU = Release|Any CPU
	EndGlobalSection
	GlobalSection(ProjectConfigurationPlatforms) = postSolution
		{EB2689DD-5F46-42CC-ACEB-73BB92290338}.Debug|Any CPU.ActiveCfg = Debug|Any CPU
		{EB2689DD-5F46-42CC-ACEB-73BB92290338}.Debug|Any CPU.Build.0 = Debug|Any CPU
		{EB2689DD-5F46-42CC-ACEB-73BB92290338}.Release|Any CPU.ActiveCfg = Release|Any CPU
		{EB2689DD-5F46-42CC-ACEB-73BB92290338}.Release|Any CPU.Build.0 = Release|Any CPU
		{CBBC4B4F-38D4-4440-93A2-3E92BCF56F82}.Debug|Any CPU.ActiveCfg = Debug|Any CPU
		{CBBC4B4F-38D4-4440-93A2-3E92BCF56F82}.Debug|Any CPU.Build.0 = Debug|Any CPU
		{CBBC4B4F-38D4-4440-93A2-3E92BCF56F82}.Release|Any CPU.ActiveCfg = Release|Any CPU
		{CBBC4B4F-38D4-4440-93A2-3E92BCF56F82}.Release|Any CPU.Build.0 = Release|Any CPU
		{DE538468-A371-4E05-A6A9-CB994555648C}.Debug|Any CPU.ActiveCfg = Debug|Any CPU
		{DE538468-A371-4E05-A6A9-CB994555648C}.Debug|Any CPU.Build.0 = Debug|Any CPU
		{DE538468-A371-4E05-A6A9-CB994555648C}.Release|Any CPU.ActiveCfg = Release|Any CPU
		{DE538468-A371-4E05-A6A9-CB994555648C}.Release|Any CPU.Build.0 = Release|Any CPU
	EndGlobalSection
	GlobalSection(SolutionProperties) = preSolution
		HideSolutionNode = FALSE
	EndGlobalSection
	GlobalSection(ExtensibilityGlobals) = postSolution
		SolutionGuid = {E208944C-BF63-4D8C-B81A-F4055535966A}
	EndGlobalSection
EndGlobal
